
Microsoft Visual Studio Solution File, Format Version 12.00
# Visual Studio Version 17
VisualStudioVersion = 17.14.36127.28 d17.14
MinimumVisualStudioVersion = 10.0.40219.1
Project("{FAE04EC0-301F-11D3-BF4B-00C04F79EFBC}") = "analisisventas", "analisisventas\analisisventas.csproj", "{63A2624A-B350-47CD-B2FC-2A0021EF8E57}"
EndProject
Global
	GlobalSection(SolutionConfigurationPlatforms) = preSolution
		Debug|Any CPU = Debug|Any CPU
		Release|Any CPU = Release|Any CPU
	EndGlobalSection
	GlobalSection(ProjectConfigurationPlatforms) = postSolution
		{63A2624A-B350-47CD-B2FC-2A0021EF8E57}.Debug|Any CPU.ActiveCfg = Debug|Any CPU
		{63A2624A-B350-47CD-B2FC-2A0021EF8E57}.Debug|Any CPU.Build.0 = Debug|Any CPU
		{63A2624A-B350-47CD-B2FC-2A0021EF8E57}.Release|Any CPU.ActiveCfg = Release|Any CPU
		{63A2624A-B350-47CD-B2FC-2A0021EF8E57}.Release|Any CPU.Build.0 = Release|Any CPU
	EndGlobalSection
	GlobalSection(SolutionProperties) = preSolution
		HideSolutionNode = FALSE
	EndGlobalSection
	GlobalSection(ExtensibilityGlobals) = postSolution
		SolutionGuid = {8934173C-7AC5-40C1-B7ED-45E02F66BD8D}
	EndGlobalSection
EndGlobal
